
Microsoft Visual Studio Solution File, Format Version 12.00
# Visual Studio Version 16
VisualStudioVersion = 16.0.31129.286
MinimumVisualStudioVersion = 10.0.40219.1
Project("{FAE04EC0-301F-11D3-BF4B-00C04F79EFBC}") = "Working_With_Files", "Working_With_Files.csproj", "{A71DE6F2-A099-4DAA-9ABC-6828B76DF481}"
EndProject
Global
	GlobalSection(SolutionConfigurationPlatforms) = preSolution
		Debug|Any CPU = Debug|Any CPU
		Release|Any CPU = Release|Any CPU
	EndGlobalSection
	GlobalSection(ProjectConfigurationPlatforms) = postSolution
		{A71DE6F2-A099-4DAA-9ABC-6828B76DF481}.Debug|Any CPU.ActiveCfg = Debug|Any CPU
		{A71DE6F2-A099-4DAA-9ABC-6828B76DF481}.Debug|Any CPU.Build.0 = Debug|Any CPU
		{A71DE6F2-A099-4DAA-9ABC-6828B76DF481}.Release|Any CPU.ActiveCfg = Release|Any CPU
		{A71DE6F2-A099-4DAA-9ABC-6828B76DF481}.Release|Any CPU.Build.0 = Release|Any CPU
	EndGlobalSection
	GlobalSection(SolutionProperties) = preSolution
		HideSolutionNode = FALSE
	EndGlobalSection
	GlobalSection(ExtensibilityGlobals) = postSolution
		SolutionGuid = {61046B4A-B36F-4FC0-87EE-6432E0FED8A8}
	EndGlobalSection
EndGlobal
